
Microsoft Visual Studio Solution File, Format Version 12.00
# Visual Studio Version 17
VisualStudioVersion = 17.9.34526.213
MinimumVisualStudioVersion = 10.0.40219.1
Project("{FAE04EC0-301F-11D3-BF4B-00C04F79EFBC}") = "TimeProviderUnitTesting", "TimeProviderUnitTesting\TimeProviderUnitTesting.csproj", "{53B24E6A-A894-45B0-A2AC-FF9571A24C61}"
EndProject
Project("{FAE04EC0-301F-11D3-BF4B-00C04F79EFBC}") = "TimeProviderTests", "TimeProviderTests\TimeProviderTests.csproj", "{55A4C22E-EC37-4D98-B6EF-22A1DFD0EA7D}"
EndProject
Global
	GlobalSection(SolutionConfigurationPlatforms) = preSolution
		Debug|Any CPU = Debug|Any CPU
		Release|Any CPU = Release|Any CPU
	EndGlobalSection
	GlobalSection(ProjectConfigurationPlatforms) = postSolution
		{53B24E6A-A894-45B0-A2AC-FF9571A24C61}.Debug|Any CPU.ActiveCfg = Debug|Any CPU
		{53B24E6A-A894-45B0-A2AC-FF9571A24C61}.Debug|Any CPU.Build.0 = Debug|Any CPU
		{53B24E6A-A894-45B0-A2AC-FF9571A24C61}.Release|Any CPU.ActiveCfg = Release|Any CPU
		{53B24E6A-A894-45B0-A2AC-FF9571A24C61}.Release|Any CPU.Build.0 = Release|Any CPU
		{55A4C22E-EC37-4D98-B6EF-22A1DFD0EA7D}.Debug|Any CPU.ActiveCfg = Debug|Any CPU
		{55A4C22E-EC37-4D98-B6EF-22A1DFD0EA7D}.Debug|Any CPU.Build.0 = Debug|Any CPU
		{55A4C22E-EC37-4D98-B6EF-22A1DFD0EA7D}.Release|Any CPU.ActiveCfg = Release|Any CPU
		{55A4C22E-EC37-4D98-B6EF-22A1DFD0EA7D}.Release|Any CPU.Build.0 = Release|Any CPU
	EndGlobalSection
	GlobalSection(SolutionProperties) = preSolution
		HideSolutionNode = FALSE
	EndGlobalSection
	GlobalSection(ExtensibilityGlobals) = postSolution
		SolutionGuid = {36855927-395C-4E4C-9820-B3EF2925D466}
	EndGlobalSection
EndGlobal
